
Microsoft Visual Studio Solution File, Format Version 12.00
# Visual Studio Version 17
VisualStudioVersion = 17.13.35818.85
MinimumVisualStudioVersion = 10.0.40219.1
Project("{FAE04EC0-301F-11D3-BF4B-00C04F79EFBC}") = "MapPiloteGeopackageHelper", "MapPiloteGeopackageHelper\MapPiloteGeopackageHelper.csproj", "{5F97CFBA-D415-43EE-AEB7-140AC50491ED}"
EndProject
Project("{FAE04EC0-301F-11D3-BF4B-00C04F79EFBC}") = "TestMapPiloteGeoPackageHandler", "TestMapPiloteGeoPackageHandler\TestMapPiloteGeoPackageHandler.csproj", "{0ABBA333-C424-486A-9B87-3A42BBF6F09D}"
EndProject
Global
	GlobalSection(SolutionConfigurationPlatforms) = preSolution
		Debug|Any CPU = Debug|Any CPU
		Release|Any CPU = Release|Any CPU
	EndGlobalSection
	GlobalSection(ProjectConfigurationPlatforms) = postSolution
		{C850788B-3E39-CC32-B1B8-F867A4E4A81F}.Debug|Any CPU.ActiveCfg = Debug|Any CPU
		{C850788B-3E39-CC32-B1B8-F867A4E4A81F}.Debug|Any CPU.Build.0 = Debug|Any CPU
		{C850788B-3E39-CC32-B1B8-F867A4E4A81F}.Release|Any CPU.ActiveCfg = Release|Any CPU
		{C850788B-3E39-CC32-B1B8-F867A4E4A81F}.Release|Any CPU.Build.0 = Release|Any CPU
		{3FF28A2E-246B-E9D6-E185-E0032F7E22DC}.Debug|Any CPU.ActiveCfg = Debug|Any CPU
		{3FF28A2E-246B-E9D6-E185-E0032F7E22DC}.Debug|Any CPU.Build.0 = Debug|Any CPU
		{3FF28A2E-246B-E9D6-E185-E0032F7E22DC}.Release|Any CPU.ActiveCfg = Release|Any CPU
		{3FF28A2E-246B-E9D6-E185-E0032F7E22DC}.Release|Any CPU.Build.0 = Release|Any CPU
		{5F97CFBA-D415-43EE-AEB7-140AC50491ED}.Debug|Any CPU.ActiveCfg = Debug|Any CPU
		{5F97CFBA-D415-43EE-AEB7-140AC50491ED}.Debug|Any CPU.Build.0 = Debug|Any CPU
		{5F97CFBA-D415-43EE-AEB7-140AC50491ED}.Release|Any CPU.ActiveCfg = Release|Any CPU
		{5F97CFBA-D415-43EE-AEB7-140AC50491ED}.Release|Any CPU.Build.0 = Release|Any CPU
		{0ABBA333-C424-486A-9B87-3A42BBF6F09D}.Debug|Any CPU.ActiveCfg = Debug|Any CPU
		{0ABBA333-C424-486A-9B87-3A42BBF6F09D}.Debug|Any CPU.Build.0 = Debug|Any CPU
		{0ABBA333-C424-486A-9B87-3A42BBF6F09D}.Release|Any CPU.ActiveCfg = Release|Any CPU
		{0ABBA333-C424-486A-9B87-3A42BBF6F09D}.Release|Any CPU.Build.0 = Release|Any CPU
	EndGlobalSection
	GlobalSection(SolutionProperties) = preSolution
		HideSolutionNode = FALSE
	EndGlobalSection
	GlobalSection(ExtensibilityGlobals) = postSolution
		SolutionGuid = {D4921FC5-20D6-4517-9241-53C3846874FF}
	EndGlobalSection
EndGlobal
